# This file is generated by running "yarn install" inside your project.
# Manual changes might be lost - proceed with caution!

__metadata:
  version: 8
  cacheKey: 10c0

"barber@workspace:.":
  version: 0.0.0-use.local
  resolution: "barber@workspace:."
  dependencies:
    turbo: "npm:^2.5.4"
  languageName: unknown
  linkType: soft

"turbo-darwin-64@npm:2.5.4":
  version: 2.5.4
  resolution: "turbo-darwin-64@npm:2.5.4"
  conditions: os=darwin & cpu=x64
  languageName: node
  linkType: hard

"turbo-darwin-arm64@npm:2.5.4":
  version: 2.5.4
  resolution: "turbo-darwin-arm64@npm:2.5.4"
  conditions: os=darwin & cpu=arm64
  languageName: node
  linkType: hard

"turbo-linux-64@npm:2.5.4":
  version: 2.5.4
  resolution: "turbo-linux-64@npm:2.5.4"
  conditions: os=linux & cpu=x64
  languageName: node
  linkType: hard

"turbo-linux-arm64@npm:2.5.4":
  version: 2.5.4
  resolution: "turbo-linux-arm64@npm:2.5.4"
  conditions: os=linux & cpu=arm64
  languageName: node
  linkType: hard

"turbo-windows-64@npm:2.5.4":
  version: 2.5.4
  resolution: "turbo-windows-64@npm:2.5.4"
  conditions: os=win32 & cpu=x64
  languageName: node
  linkType: hard

"turbo-windows-arm64@npm:2.5.4":
  version: 2.5.4
  resolution: "turbo-windows-arm64@npm:2.5.4"
  conditions: os=win32 & cpu=arm64
  languageName: node
  linkType: hard

"turbo@npm:^2.5.4":
  version: 2.5.4
  resolution: "turbo@npm:2.5.4"
  dependencies:
    turbo-darwin-64: "npm:2.5.4"
    turbo-darwin-arm64: "npm:2.5.4"
    turbo-linux-64: "npm:2.5.4"
    turbo-linux-arm64: "npm:2.5.4"
    turbo-windows-64: "npm:2.5.4"
    turbo-windows-arm64: "npm:2.5.4"
  dependenciesMeta:
    turbo-darwin-64:
      optional: true
    turbo-darwin-arm64:
      optional: true
    turbo-linux-64:
      optional: true
    turbo-linux-arm64:
      optional: true
    turbo-windows-64:
      optional: true
    turbo-windows-arm64:
      optional: true
  bin:
    turbo: bin/turbo
  checksum: 10c0/81af22a24ca643d25f344184e4f37b8b70f118c9a3af13e6b6604b652eb0a7d98fdb03c195457ed1831ecf246ef06cb9566ae3e361d105fe89fbcdbb3f135c38
  languageName: node
  linkType: hard
